version = 1
revision = 3
requires-python = ">=3.13"

[[package]]
name = "kurigram"
version = "2.2.24"
source = { registry = "https://pypi.org/simple" }
dependencies = [
    { name = "pyaes" },
    { name = "python-socks" },
]
sdist = { url = "https://files.pythonhosted.org/packages/93/0a/6cd1ced210b02cabef151aa17c193418528c6d49f9d4368a2e0975d11f96/kurigram-2.2.24.tar.gz", hash = "sha256:535644dcb23696ae7d838a2f8c14675a5b3fa50906d51dc1434a29620d62813b", size = 602931, upload-time = "2026-07-11T11:29:54.136Z" }
wheels = [
    { url = "https://files.pythonhosted.org/packages/54/59/e5f953421b8229805a9f63e55accaa215fce126f75cd66e0a909c1d5ff18/kurigram-2.2.24-py3-none-any.whl", hash = "sha256:ec8417c8f767d974bb54cd19966d0057871c1b63faeb096f7a674702e3531824", size = 5799272, upload-time = "2026-07-11T11:29:52.31Z" },
]

[[package]]
name = "pyaes"
version = "1.6.1"
source = { registry = "https://pypi.org/simple" }
sdist = { url = "https://files.pythonhosted.org/packages/44/66/2c17bae31c906613795711fc78045c285048168919ace2220daa372c7d72/pyaes-1.6.1.tar.gz", hash = "sha256:02c1b1405c38d3c370b085fb952dd8bea3fadcee6411ad99f312cc129c536d8f", size = 28536, upload-time = "2017-09-20T21:17:54.23Z" }

[[package]]
name = "python-socks"
version = "2.8.1"
source = { registry = "https://pypi.org/simple" }
sdist = { url = "https://files.pythonhosted.org/packages/36/0b/cd77011c1bc01b76404f7aba07fca18aca02a19c7626e329b40201217624/python_socks-2.8.1.tar.gz", hash = "sha256:698daa9616d46dddaffe65b87db222f2902177a2d2b2c0b9a9361df607ab3687", size = 38909, upload-time = "2026-02-16T05:24:00.745Z" }
wheels = [
    { url = "https://files.pythonhosted.org/packages/15/fe/9a58cb6eec633ff6afae150ca53c16f8cc8b65862ccb3d088051efdfceb7/python_socks-2.8.1-py3-none-any.whl", hash = "sha256:28232739c4988064e725cdbcd15be194743dd23f1c910f784163365b9d7be035", size = 55087, upload-time = "2026-02-16T05:23:59.147Z" },
]

[[package]]
name = "tcp-socket"
version = "0.1.0"
source = { virtual = "." }
dependencies = [
    { name = "kurigram" },
]

[package.metadata]
requires-dist = [{ name = "kurigram", specifier = ">=2.2.24" }]
